{
  "originHash" : "ea9e945542b3f2cb9a0eed798c9b1cf9f3edd41f78b6790a3c8c453ef7db8171",
  "pins" : [
    {
      "identity" : "signalr-client-swift",
      "kind" : "remoteSourceControl",
      "location" : "https://github.com/moozzyk/SignalR-Client-Swift",
      "state" : {
        "revision" : "2e1465d16f2489c70f8925568130d04cb1f17049",
        "version" : "0.9.4"
      }
    }
  ],
  "version" : 3
}
